
Microsoft Visual Studio Solution File, Format Version 12.00
# Visual Studio Version 16
VisualStudioVersion = 16.0.30406.217
MinimumVisualStudioVersion = 10.0.40219.1
Project("{FAE04EC0-301F-11D3-BF4B-00C04F79EFBC}") = "Web", "Web\Web.csproj", "{B5C26D4A-B2DA-4A18-B0C7-E3A8D7C925C1}"
EndProject
Project("{FAE04EC0-301F-11D3-BF4B-00C04F79EFBC}") = "Infrastructure", "Infrastructure\Infrastructure.csproj", "{C03C2D48-4FD5-43CC-B2D8-695AF76AC3A4}"
EndProject
Project("{FAE04EC0-301F-11D3-BF4B-00C04F79EFBC}") = "Core", "Core\Core.csproj", "{47671BE4-31E7-4BDC-97A9-F3D64EC7064E}"
EndProject
Global
	GlobalSection(SolutionConfigurationPlatforms) = preSolution
		Debug|Any CPU = Debug|Any CPU
		Release|Any CPU = Release|Any CPU
	EndGlobalSection
	GlobalSection(ProjectConfigurationPlatforms) = postSolution
		{B5C26D4A-B2DA-4A18-B0C7-E3A8D7C925C1}.Debug|Any CPU.ActiveCfg = Debug|Any CPU
		{B5C26D4A-B2DA-4A18-B0C7-E3A8D7C925C1}.Debug|Any CPU.Build.0 = Debug|Any CPU
		{B5C26D4A-B2DA-4A18-B0C7-E3A8D7C925C1}.Release|Any CPU.ActiveCfg = Release|Any CPU
		{B5C26D4A-B2DA-4A18-B0C7-E3A8D7C925C1}.Release|Any CPU.Build.0 = Release|Any CPU
		{C03C2D48-4FD5-43CC-B2D8-695AF76AC3A4}.Debug|Any CPU.ActiveCfg = Debug|Any CPU
		{C03C2D48-4FD5-43CC-B2D8-695AF76AC3A4}.Debug|Any CPU.Build.0 = Debug|Any CPU
		{C03C2D48-4FD5-43CC-B2D8-695AF76AC3A4}.Release|Any CPU.ActiveCfg = Release|Any CPU
		{C03C2D48-4FD5-43CC-B2D8-695AF76AC3A4}.Release|Any CPU.Build.0 = Release|Any CPU
		{47671BE4-31E7-4BDC-97A9-F3D64EC7064E}.Debug|Any CPU.ActiveCfg = Debug|Any CPU
		{47671BE4-31E7-4BDC-97A9-F3D64EC7064E}.Debug|Any CPU.Build.0 = Debug|Any CPU
		{47671BE4-31E7-4BDC-97A9-F3D64EC7064E}.Release|Any CPU.ActiveCfg = Release|Any CPU
		{47671BE4-31E7-4BDC-97A9-F3D64EC7064E}.Release|Any CPU.Build.0 = Release|Any CPU
	EndGlobalSection
	GlobalSection(SolutionProperties) = preSolution
		HideSolutionNode = FALSE
	EndGlobalSection
	GlobalSection(ExtensibilityGlobals) = postSolution
		SolutionGuid = {2044D120-F890-4261-98C6-F3B0DA265DFE}
	EndGlobalSection
EndGlobal
